
Microsoft Visual Studio Solution File, Format Version 12.00
# Visual Studio Version 17
VisualStudioVersion = 17.2.32630.192
MinimumVisualStudioVersion = 10.0.40219.1
Project("{9A19103F-16F7-4668-BE54-9A1E7A4F7556}") = "ApiGateway", "GoTogether.ApiGateway\ApiGateway.csproj", "{EFC4763C-DE57-4EFC-BDDB-F67ABE6EAA00}"
EndProject
Project("{9A19103F-16F7-4668-BE54-9A1E7A4F7556}") = "Identity", "GoTogether.Services\Identity\Identity.csproj", "{E1813B9E-61FE-40AC-BD4E-59E132489955}"
EndProject
Project("{9A19103F-16F7-4668-BE54-9A1E7A4F7556}") = "Ivents.API", "GoTogether.Services\Ivents\Ivents.API\Ivents.API.csproj", "{5732E983-308C-439E-9C6B-75A35AFA1C42}"
EndProject
Project("{9A19103F-16F7-4668-BE54-9A1E7A4F7556}") = "Places.API", "GoTogether.Services\Places\Places.API\Places.API.csproj", "{8D87431A-5E12-4E52-81B3-0ACC4DB20BA2}"
EndProject
Project("{9A19103F-16F7-4668-BE54-9A1E7A4F7556}") = "Peoples.API", "GoTogether.Services\Peoples\Peoples.API\Peoples.API.csproj", "{0D548DE8-97BD-431F-A82E-47F6F0230AD1}"
EndProject
Project("{9A19103F-16F7-4668-BE54-9A1E7A4F7556}") = "GoTogether.Web", "GoTogether.Web\GoTogether.Web.csproj", "{0BCD05A1-7516-41A1-A0E7-97B9B91C517F}"
EndProject
Project("{9A19103F-16F7-4668-BE54-9A1E7A4F7556}") = "Support.API", "GoTogether.Services\Support\Support.API\Support.API.csproj", "{DFAE4134-557D-4877-91A6-12E1D14CBD14}"
EndProject
Project("{9A19103F-16F7-4668-BE54-9A1E7A4F7556}") = "Peoples.Application", "GoTogether.Services\Peoples\Peoples.Application\Peoples.Application.csproj", "{FF9606E8-4E31-49A1-A589-0DE0CD53B5E6}"
EndProject
Project("{9A19103F-16F7-4668-BE54-9A1E7A4F7556}") = "Peoples.Domain", "GoTogether.Services\Peoples\Peoples.Domain\Peoples.Domain.csproj", "{251BE230-5266-47B5-951B-70644F6B11EC}"
EndProject
Project("{9A19103F-16F7-4668-BE54-9A1E7A4F7556}") = "Peoples.Infrastructure", "GoTogether.Services\Peoples\Peoples.Infrastructure\Peoples.Infrastructure.csproj", "{63E9CB44-B656-465C-A089-F114B3DB712F}"
EndProject
Project("{2150E333-8FDC-42A3-9474-1A3956D46DE8}") = "GoTogether.Services", "GoTogether.Services", "{5DF23102-A4BD-4800-BF82-6862C1B31C40}"
EndProject
Project("{2150E333-8FDC-42A3-9474-1A3956D46DE8}") = "Identity", "Identity", "{67747514-2DBF-4375-90D8-4E308B8420B0}"
EndProject
Project("{2150E333-8FDC-42A3-9474-1A3956D46DE8}") = "Ivents", "Ivents", "{EBAE15B5-4F31-498E-B9BC-A81393A46BEE}"
EndProject
Project("{2150E333-8FDC-42A3-9474-1A3956D46DE8}") = "Peoples", "Peoples", "{3A547FFA-E037-4B22-8B58-F29D60ABA057}"
EndProject
Project("{2150E333-8FDC-42A3-9474-1A3956D46DE8}") = "Places", "Places", "{FC7344C5-27E8-426E-82F3-7B77BE9A62A0}"
EndProject
Project("{2150E333-8FDC-42A3-9474-1A3956D46DE8}") = "Support", "Support", "{3A82F4AD-0FD1-40F4-BDC9-7C6F15AD39DB}"
EndProject
Project("{FAE04EC0-301F-11D3-BF4B-00C04F79EFBC}") = "Places.Application", "GoTogether.Services\Places\Places.Application\Places.Application.csproj", "{9ACAEA88-0386-4622-84EA-34725A1CD41F}"
EndProject
Project("{FAE04EC0-301F-11D3-BF4B-00C04F79EFBC}") = "Places.Domain", "GoTogether.Services\Places\Places.Domain\Places.Domain.csproj", "{F1BB8033-B636-4D02-B9CC-C3D4776C7124}"
EndProject
Project("{FAE04EC0-301F-11D3-BF4B-00C04F79EFBC}") = "Places.Infrastructure", "GoTogether.Services\Places\Places.Infrastructure\Places.Infrastructure.csproj", "{9382EC79-9B90-46E1-B061-465C927F1E3B}"
EndProject
Global
	GlobalSection(SolutionConfigurationPlatforms) = preSolution
		Debug|Any CPU = Debug|Any CPU
		Release|Any CPU = Release|Any CPU
	EndGlobalSection
	GlobalSection(ProjectConfigurationPlatforms) = postSolution
		{EFC4763C-DE57-4EFC-BDDB-F67ABE6EAA00}.Debug|Any CPU.ActiveCfg = Debug|Any CPU
		{EFC4763C-DE57-4EFC-BDDB-F67ABE6EAA00}.Debug|Any CPU.Build.0 = Debug|Any CPU
		{EFC4763C-DE57-4EFC-BDDB-F67ABE6EAA00}.Release|Any CPU.ActiveCfg = Release|Any CPU
		{EFC4763C-DE57-4EFC-BDDB-F67ABE6EAA00}.Release|Any CPU.Build.0 = Release|Any CPU
		{E1813B9E-61FE-40AC-BD4E-59E132489955}.Debug|Any CPU.ActiveCfg = Debug|Any CPU
		{E1813B9E-61FE-40AC-BD4E-59E132489955}.Debug|Any CPU.Build.0 = Debug|Any CPU
		{E1813B9E-61FE-40AC-BD4E-59E132489955}.Release|Any CPU.ActiveCfg = Release|Any CPU
		{E1813B9E-61FE-40AC-BD4E-59E132489955}.Release|Any CPU.Build.0 = Release|Any CPU
		{5732E983-308C-439E-9C6B-75A35AFA1C42}.Debug|Any CPU.ActiveCfg = Debug|Any CPU
		{5732E983-308C-439E-9C6B-75A35AFA1C42}.Debug|Any CPU.Build.0 = Debug|Any CPU
		{5732E983-308C-439E-9C6B-75A35AFA1C42}.Release|Any CPU.ActiveCfg = Release|Any CPU
		{5732E983-308C-439E-9C6B-75A35AFA1C42}.Release|Any CPU.Build.0 = Release|Any CPU
		{8D87431A-5E12-4E52-81B3-0ACC4DB20BA2}.Debug|Any CPU.ActiveCfg = Debug|Any CPU
		{8D87431A-5E12-4E52-81B3-0ACC4DB20BA2}.Debug|Any CPU.Build.0 = Debug|Any CPU
		{8D87431A-5E12-4E52-81B3-0ACC4DB20BA2}.Release|Any CPU.ActiveCfg = Release|Any CPU
		{8D87431A-5E12-4E52-81B3-0ACC4DB20BA2}.Release|Any CPU.Build.0 = Release|Any CPU
		{0D548DE8-97BD-431F-A82E-47F6F0230AD1}.Debug|Any CPU.ActiveCfg = Debug|Any CPU
		{0D548DE8-97BD-431F-A82E-47F6F0230AD1}.Debug|Any CPU.Build.0 = Debug|Any CPU
		{0D548DE8-97BD-431F-A82E-47F6F0230AD1}.Release|Any CPU.ActiveCfg = Release|Any CPU
		{0D548DE8-97BD-431F-A82E-47F6F0230AD1}.Release|Any CPU.Build.0 = Release|Any CPU
		{0BCD05A1-7516-41A1-A0E7-97B9B91C517F}.Debug|Any CPU.ActiveCfg = Debug|Any CPU
		{0BCD05A1-7516-41A1-A0E7-97B9B91C517F}.Debug|Any CPU.Build.0 = Debug|Any CPU
		{0BCD05A1-7516-41A1-A0E7-97B9B91C517F}.Release|Any CPU.ActiveCfg = Release|Any CPU
		{0BCD05A1-7516-41A1-A0E7-97B9B91C517F}.Release|Any CPU.Build.0 = Release|Any CPU
		{DFAE4134-557D-4877-91A6-12E1D14CBD14}.Debug|Any CPU.ActiveCfg = Debug|Any CPU
		{DFAE4134-557D-4877-91A6-12E1D14CBD14}.Debug|Any CPU.Build.0 = Debug|Any CPU
		{DFAE4134-557D-4877-91A6-12E1D14CBD14}.Release|Any CPU.ActiveCfg = Release|Any CPU
		{DFAE4134-557D-4877-91A6-12E1D14CBD14}.Release|Any CPU.Build.0 = Release|Any CPU
		{FF9606E8-4E31-49A1-A589-0DE0CD53B5E6}.Debug|Any CPU.ActiveCfg = Debug|Any CPU
		{FF9606E8-4E31-49A1-A589-0DE0CD53B5E6}.Debug|Any CPU.Build.0 = Debug|Any CPU
		{FF9606E8-4E31-49A1-A589-0DE0CD53B5E6}.Release|Any CPU.ActiveCfg = Release|Any CPU
		{FF9606E8-4E31-49A1-A589-0DE0CD53B5E6}.Release|Any CPU.Build.0 = Release|Any CPU
		{251BE230-5266-47B5-951B-70644F6B11EC}.Debug|Any CPU.ActiveCfg = Debug|Any CPU
		{251BE230-5266-47B5-951B-70644F6B11EC}.Debug|Any CPU.Build.0 = Debug|Any CPU
		{251BE230-5266-47B5-951B-70644F6B11EC}.Release|Any CPU.ActiveCfg = Release|Any CPU
		{251BE230-5266-47B5-951B-70644F6B11EC}.Release|Any CPU.Build.0 = Release|Any CPU
		{63E9CB44-B656-465C-A089-F114B3DB712F}.Debug|Any CPU.ActiveCfg = Debug|Any CPU
		{63E9CB44-B656-465C-A089-F114B3DB712F}.Debug|Any CPU.Build.0 = Debug|Any CPU
		{63E9CB44-B656-465C-A089-F114B3DB712F}.Release|Any CPU.ActiveCfg = Release|Any CPU
		{63E9CB44-B656-465C-A089-F114B3DB712F}.Release|Any CPU.Build.0 = Release|Any CPU
		{9ACAEA88-0386-4622-84EA-34725A1CD41F}.Debug|Any CPU.ActiveCfg = Debug|Any CPU
		{9ACAEA88-0386-4622-84EA-34725A1CD41F}.Debug|Any CPU.Build.0 = Debug|Any CPU
		{9ACAEA88-0386-4622-84EA-34725A1CD41F}.Release|Any CPU.ActiveCfg = Release|Any CPU
		{9ACAEA88-0386-4622-84EA-34725A1CD41F}.Release|Any CPU.Build.0 = Release|Any CPU
		{F1BB8033-B636-4D02-B9CC-C3D4776C7124}.Debug|Any CPU.ActiveCfg = Debug|Any CPU
		{F1BB8033-B636-4D02-B9CC-C3D4776C7124}.Debug|Any CPU.Build.0 = Debug|Any CPU
		{F1BB8033-B636-4D02-B9CC-C3D4776C7124}.Release|Any CPU.ActiveCfg = Release|Any CPU
		{F1BB8033-B636-4D02-B9CC-C3D4776C7124}.Release|Any CPU.Build.0 = Release|Any CPU
		{9382EC79-9B90-46E1-B061-465C927F1E3B}.Debug|Any CPU.ActiveCfg = Debug|Any CPU
		{9382EC79-9B90-46E1-B061-465C927F1E3B}.Debug|Any CPU.Build.0 = Debug|Any CPU
		{9382EC79-9B90-46E1-B061-465C927F1E3B}.Release|Any CPU.ActiveCfg = Release|Any CPU
		{9382EC79-9B90-46E1-B061-465C927F1E3B}.Release|Any CPU.Build.0 = Release|Any CPU
	EndGlobalSection
	GlobalSection(SolutionProperties) = preSolution
		HideSolutionNode = FALSE
	EndGlobalSection
	GlobalSection(NestedProjects) = preSolution
		{E1813B9E-61FE-40AC-BD4E-59E132489955} = {67747514-2DBF-4375-90D8-4E308B8420B0}
		{5732E983-308C-439E-9C6B-75A35AFA1C42} = {EBAE15B5-4F31-498E-B9BC-A81393A46BEE}
		{8D87431A-5E12-4E52-81B3-0ACC4DB20BA2} = {FC7344C5-27E8-426E-82F3-7B77BE9A62A0}
		{0D548DE8-97BD-431F-A82E-47F6F0230AD1} = {3A547FFA-E037-4B22-8B58-F29D60ABA057}
		{DFAE4134-557D-4877-91A6-12E1D14CBD14} = {3A82F4AD-0FD1-40F4-BDC9-7C6F15AD39DB}
		{FF9606E8-4E31-49A1-A589-0DE0CD53B5E6} = {3A547FFA-E037-4B22-8B58-F29D60ABA057}
		{251BE230-5266-47B5-951B-70644F6B11EC} = {3A547FFA-E037-4B22-8B58-F29D60ABA057}
		{63E9CB44-B656-465C-A089-F114B3DB712F} = {3A547FFA-E037-4B22-8B58-F29D60ABA057}
		{67747514-2DBF-4375-90D8-4E308B8420B0} = {5DF23102-A4BD-4800-BF82-6862C1B31C40}
		{EBAE15B5-4F31-498E-B9BC-A81393A46BEE} = {5DF23102-A4BD-4800-BF82-6862C1B31C40}
		{3A547FFA-E037-4B22-8B58-F29D60ABA057} = {5DF23102-A4BD-4800-BF82-6862C1B31C40}
		{FC7344C5-27E8-426E-82F3-7B77BE9A62A0} = {5DF23102-A4BD-4800-BF82-6862C1B31C40}
		{3A82F4AD-0FD1-40F4-BDC9-7C6F15AD39DB} = {5DF23102-A4BD-4800-BF82-6862C1B31C40}
		{9ACAEA88-0386-4622-84EA-34725A1CD41F} = {FC7344C5-27E8-426E-82F3-7B77BE9A62A0}
		{F1BB8033-B636-4D02-B9CC-C3D4776C7124} = {FC7344C5-27E8-426E-82F3-7B77BE9A62A0}
		{9382EC79-9B90-46E1-B061-465C927F1E3B} = {FC7344C5-27E8-426E-82F3-7B77BE9A62A0}
	EndGlobalSection
	GlobalSection(ExtensibilityGlobals) = postSolution
		SolutionGuid = {3DECA21D-3C27-45B5-BAB3-0C8AD9199330}
	EndGlobalSection
EndGlobal
